// !$*UTF8*$!
{
	archiveVersion = 1;
	classes = {
	};
	objectVersion = 46;
	objects = {

/* Begin PBXBuildFile section */
		8B1475811ADBBCAB00A27D73 /* main.m in Sources */ = {isa = PBXBuildFile; fileRef = 8B1475801ADBBCAB00A27D73 /* main.m */; };
		8B1475841ADBBCAB00A27D73 /* AppDelegate.m in Sources */ = {isa = PBXBuildFile; fileRef = 8B1475831ADBBCAB00A27D73 /* AppDelegate.m */; };
		8B1475861ADBBCAB00A27D73 /* BonjourSocket-Prefix.pch in Resources */ = {isa = PBXBuildFile; fileRef = 8B1475851ADBBCAB00A27D73 /* BonjourSocket-Prefix.pch */; };
		8B1475881ADBBCAB00A27D73 /* Images.xcassets in Resources */ = {isa = PBXBuildFile; fileRef = 8B1475871ADBBCAB00A27D73 /* Images.xcassets */; };
		8B14758B1ADBBCAB00A27D73 /* LaunchScreen.xib in Resources */ = {isa = PBXBuildFile; fileRef = 8B1475891ADBBCAB00A27D73 /* LaunchScreen.xib */; };
		8B1475971ADBBCAB00A27D73 /* BonjourSocketTests.m in Sources */ = {isa = PBXBuildFile; fileRef = 8B1475961ADBBCAB00A27D73 /* BonjourSocketTests.m */; };
/* End PBXBuildFile section */

/* Begin PBXContainerItemProxy section */
		8B1475911ADBBCAB00A27D73 /* PBXContainerItemProxy */ = {
			isa = PBXContainerItemProxy;
			containerPortal = 8B1475731ADBBCAB00A27D73 /* Project object */;
			proxyType = 1;
			remoteGlobalIDString = 8B14757A1ADBBCAB00A27D73;
			remoteInfo = BonjourSocket;
		};
/* End PBXContainerItemProxy section */

/* Begin PBXFileReference section */
		8B14757B1ADBBCAB00A27D73 /* BonjourSocket.app */ = {isa = PBXFileReference; explicitFileType = wrapper.application; includeInIndex = 0; path = BonjourSocket.app; sourceTree = BUILT_PRODUCTS_DIR; };
		8B14757F1ADBBCAB00A27D73 /* Info.plist */ = {isa = PBXFileReference; lastKnownFileType = text.plist.xml; path = Info.plist; sourceTree = "<group>"; };
		8B1475801ADBBCAB00A27D73 /* main.m */ = {isa = PBXFileReference; lastKnownFileType = sourcecode.c.objc; path = main.m; sourceTree = "<group>"; };
		8B1475821ADBBCAB00A27D73 /* AppDelegate.h */ = {isa = PBXFileReference; lastKnownFileType = sourcecode.c.h; path = AppDelegate.h; sourceTree = "<group>"; };
		8B1475831ADBBCAB00A27D73 /* AppDelegate.m */ = {isa = PBXFileReference; lastKnownFileType = sourcecode.c.objc; path = AppDelegate.m; sourceTree = "<group>"; };
		8B1475851ADBBCAB00A27D73 /* BonjourSocket-Prefix.pch */ = {isa = PBXFileReference; lastKnownFileType = sourcecode.c.h; path = "BonjourSocket-Prefix.pch"; sourceTree = "<group>"; };
		8B1475871ADBBCAB00A27D73 /* Images.xcassets */ = {isa = PBXFileReference; lastKnownFileType = folder.assetcatalog; path = Images.xcassets; sourceTree = "<group>"; };
		8B14758A1ADBBCAB00A27D73 /* Base */ = {isa = PBXFileReference; lastKnownFileType = file.xib; name = Base; path = Base.lproj/LaunchScreen.xib; sourceTree = "<group>"; };
		8B1475901ADBBCAB00A27D73 /* BonjourSocketTests.xctest */ = {isa = PBXFileReference; explicitFileType = wrapper.cfbundle; includeInIndex = 0; path = BonjourSocketTests.xctest; sourceTree = BUILT_PRODUCTS_DIR; };
		8B1475951ADBBCAB00A27D73 /* Info.plist */ = {isa = PBXFileReference; lastKnownFileType = text.plist.xml; path = Info.plist; sourceTree = "<group>"; };
		8B1475961ADBBCAB00A27D73 /* BonjourSocketTests.m */ = {isa = PBXFileReference; lastKnownFileType = sourcecode.c.objc; path = BonjourSocketTests.m; sourceTree = "<group>"; };
/* End PBXFileReference section */

/* Begin PBXFrameworksBuildPhase section */
		8B1475781ADBBCAB00A27D73 /* Frameworks */ = {
			isa = PBXFrameworksBuildPhase;
			buildActionMask = 2147483647;
			files = (
			);
			runOnlyForDeploymentPostprocessing = 0;
		};
		8B14758D1ADBBCAB00A27D73 /* Frameworks */ = {
			isa = PBXFrameworksBuildPhase;
			buildActionMask = 2147483647;
			files = (
			);
			runOnlyForDeploymentPostprocessing = 0;
		};
/* End PBXFrameworksBuildPhase section */

/* Begin PBXGroup section */
		8B1475721ADBBCAB00A27D73 = {
			isa = PBXGroup;
			children = (
				8B14757D1ADBBCAB00A27D73 /* BonjourSocket */,
				8B1475931ADBBCAB00A27D73 /* BonjourSocketTests */,
				8B14757C1ADBBCAB00A27D73 /* Products */,
			);
			sourceTree = "<group>";
		};
		8B14757C1ADBBCAB00A27D73 /* Products */ = {
			isa = PBXGroup;
			children = (
				8B14757B1ADBBCAB00A27D73 /* BonjourSocket.app */,
				8B1475901ADBBCAB00A27D73 /* BonjourSocketTests.xctest */,
			);
			name = Products;
			sourceTree = "<group>";
		};
		8B14757D1ADBBCAB00A27D73 /* BonjourSocket */ = {
			isa = PBXGroup;
			children = (
				8B1475821ADBBCAB00A27D73 /* AppDelegate.h */,
				8B1475831ADBBCAB00A27D73 /* AppDelegate.m */,
				8B1475851ADBBCAB00A27D73 /* BonjourSocket-Prefix.pch */,
				8B1475871ADBBCAB00A27D73 /* Images.xcassets */,
				8B1475891ADBBCAB00A27D73 /* LaunchScreen.xib */,
				8B14757E1ADBBCAB00A27D73 /* Supporting Files */,
			);
			path = BonjourSocket;
			sourceTree = "<group>";
		};
		8B14757E1ADBBCAB00A27D73 /* Supporting Files */ = {
			isa = PBXGroup;
			children = (
				8B14757F1ADBBCAB00A27D73 /* Info.plist */,
				8B1475801ADBBCAB00A27D73 /* main.m */,
			);
			name = "Supporting Files";
			sourceTree = "<group>";
		};
		8B1475931ADBBCAB00A27D73 /* BonjourSocketTests */ = {
			isa = PBXGroup;
			children = (
				8B1475961ADBBCAB00A27D73 /* BonjourSocketTests.m */,
				8B1475941ADBBCAB00A27D73 /* Supporting Files */,
			);
			path = BonjourSocketTests;
			sourceTree = "<group>";
		};
		8B1475941ADBBCAB00A27D73 /* Supporting Files */ = {
			isa = PBXGroup;
			children = (
				8B1475951ADBBCAB00A27D73 /* Info.plist */,
			);
			name = "Supporting Files";
			sourceTree = "<group>";
		};
/* End PBXGroup section */

/* Begin PBXNativeTarget section */
		8B14757A1ADBBCAB00A27D73 /* BonjourSocket */ = {
			isa = PBXNativeTarget;
			buildConfigurationList = 8B14759A1ADBBCAB00A27D73 /* Build configuration list for PBXNativeTarget "BonjourSocket" */;
			buildPhases = (
				8B1475771ADBBCAB00A27D73 /* Sources */,
				8B1475781ADBBCAB00A27D73 /* Frameworks */,
				8B1475791ADBBCAB00A27D73 /* Resources */,
			);
			buildRules = (
			);
			dependencies = (
			);
			name = BonjourSocket;
			productName = BonjourSocket;
			productReference = 8B14757B1ADBBCAB00A27D73 /* BonjourSocket.app */;
			productType = "com.apple.product-type.application";
		};
		8B14758F1ADBBCAB00A27D73 /* BonjourSocketTests */ = {
			isa = PBXNativeTarget;
			buildConfigurationList = 8B14759D1ADBBCAB00A27D73 /* Build configuration list for PBXNativeTarget "BonjourSocketTests" */;
			buildPhases = (
				8B14758C1ADBBCAB00A27D73 /* Sources */,
				8B14758D1ADBBCAB00A27D73 /* Frameworks */,
				8B14758E1ADBBCAB00A27D73 /* Resources */,
			);
			buildRules = (
			);
			dependencies = (
				8B1475921ADBBCAB00A27D73 /* PBXTargetDependency */,
			);
			name = BonjourSocketTests;
			productName = BonjourSocketTests;
			productReference = 8B1475901ADBBCAB00A27D73 /* BonjourSocketTests.xctest */;
			productType = "com.apple.product-type.bundle.unit-test";
		};
/* End PBXNativeTarget section */

/* Begin PBXProject section */
		8B1475731ADBBCAB00A27D73 /* Project object */ = {
			isa = PBXProject;
			attributes = {
				LastUpgradeCheck = 0620;
				ORGANIZATIONNAME = "foreveross－bj";
				TargetAttributes = {
					8B14757A1ADBBCAB00A27D73 = {
						CreatedOnToolsVersion = 6.2;
					};
					8B14758F1ADBBCAB00A27D73 = {
						CreatedOnToolsVersion = 6.2;
						TestTargetID = 8B14757A1ADBBCAB00A27D73;
					};
				};
			};
			buildConfigurationList = 8B1475761ADBBCAB00A27D73 /* Build configuration list for PBXProject "BonjourSocket" */;
			compatibilityVersion = "Xcode 3.2";
			developmentRegion = English;
			hasScannedForEncodings = 0;
			knownRegions = (
				en,
				Base,
			);
			mainGroup = 8B1475721ADBBCAB00A27D73;
			productRefGroup = 8B14757C1ADBBCAB00A27D73 /* Products */;
			projectDirPath = "";
			projectRoot = "";
			targets = (
				8B14757A1ADBBCAB00A27D73 /* BonjourSocket */,
				8B14758F1ADBBCAB00A27D73 /* BonjourSocketTests */,
			);
		};
/* End PBXProject section */

/* Begin PBXResourcesBuildPhase section */
		8B1475791ADBBCAB00A27D73 /* Resources */ = {
			isa = PBXResourcesBuildPhase;
			buildActionMask = 2147483647;
			files = (
				8B1475861ADBBCAB00A27D73 /* BonjourSocket-Prefix.pch in Resources */,
				8B14758B1ADBBCAB00A27D73 /* LaunchScreen.xib in Resources */,
				8B1475881ADBBCAB00A27D73 /* Images.xcassets in Resources */,
			);
			runOnlyForDeploymentPostprocessing = 0;
		};
		8B14758E1ADBBCAB00A27D73 /* Resources */ = {
			isa = PBXResourcesBuildPhase;
			buildActionMask = 2147483647;
			files = (
			);
			runOnlyForDeploymentPostprocessing = 0;
		};
/* End PBXResourcesBuildPhase section */

/* Begin PBXSourcesBuildPhase section */
		8B1475771ADBBCAB00A27D73 /* Sources */ = {
			isa = PBXSourcesBuildPhase;
			buildActionMask = 2147483647;
			files = (
				8B1475841ADBBCAB00A27D73 /* AppDelegate.m in Sources */,
				8B1475811ADBBCAB00A27D73 /* main.m in Sources */,
			);
			runOnlyForDeploymentPostprocessing = 0;
		};
		8B14758C1ADBBCAB00A27D73 /* Sources */ = {
			isa = PBXSourcesBuildPhase;
			buildActionMask = 2147483647;
			files = (
				8B1475971ADBBCAB00A27D73 /* BonjourSocketTests.m in Sources */,
			);
			runOnlyForDeploymentPostprocessing = 0;
		};
/* End PBXSourcesBuildPhase section */

/* Begin PBXTargetDependency section */
		8B1475921ADBBCAB00A27D73 /* PBXTargetDependency */ = {
			isa = PBXTargetDependency;
			target = 8B14757A1ADBBCAB00A27D73 /* BonjourSocket */;
			targetProxy = 8B1475911ADBBCAB00A27D73 /* PBXContainerItemProxy */;
		};
/* End PBXTargetDependency section */

/* Begin PBXVariantGroup section */
		8B1475891ADBBCAB00A27D73 /* LaunchScreen.xib */ = {
			isa = PBXVariantGroup;
			children = (
				8B14758A1ADBBCAB00A27D73 /* Base */,
			);
			name = LaunchScreen.xib;
			sourceTree = "<group>";
		};
/* End PBXVariantGroup section */

/* Begin XCBuildConfiguration section */
		8B1475981ADBBCAB00A27D73 /* Debug */ = {
			isa = XCBuildConfiguration;
			buildSettings = {
				ALWAYS_SEARCH_USER_PATHS = NO;
				CLANG_CXX_LANGUAGE_STANDARD = "gnu++0x";
				CLANG_CXX_LIBRARY = "libc++";
				CLANG_ENABLE_MODULES = YES;
				CLANG_ENABLE_OBJC_ARC = YES;
				CLANG_WARN_BOOL_CONVERSION = YES;
				CLANG_WARN_CONSTANT_CONVERSION = YES;
				CLANG_WARN_DIRECT_OBJC_ISA_USAGE = YES_ERROR;
				CLANG_WARN_EMPTY_BODY = YES;
				CLANG_WARN_ENUM_CONVERSION = YES;
				CLANG_WARN_INT_CONVERSION = YES;
				CLANG_WARN_OBJC_ROOT_CLASS = YES_ERROR;
				CLANG_WARN_UNREACHABLE_CODE = YES;
				CLANG_WARN__DUPLICATE_METHOD_MATCH = YES;
				"CODE_SIGN_IDENTITY[sdk=iphoneos*]" = "iPhone Developer";
				COPY_PHASE_STRIP = NO;
				ENABLE_STRICT_OBJC_MSGSEND = YES;
				GCC_C_LANGUAGE_STANDARD = gnu99;
				GCC_DYNAMIC_NO_PIC = NO;
				GCC_OPTIMIZATION_LEVEL = 0;
				GCC_PREPROCESSOR_DEFINITIONS = (
					"DEBUG=1",
					"$(inherited)",
				);
				GCC_SYMBOLS_PRIVATE_EXTERN = NO;
				GCC_WARN_64_TO_32_BIT_CONVERSION = YES;
				GCC_WARN_ABOUT_RETURN_TYPE = YES_ERROR;
				GCC_WARN_UNDECLARED_SELECTOR = YES;
				GCC_WARN_UNINITIALIZED_AUTOS = YES_AGGRESSIVE;
				GCC_WARN_UNUSED_FUNCTION = YES;
				GCC_WARN_UNUSED_VARIABLE = YES;
				IPHONEOS_DEPLOYMENT_TARGET = 8.2;
				MTL_ENABLE_DEBUG_INFO = YES;
				ONLY_ACTIVE_ARCH = YES;
				SDKROOT = iphoneos;
			};
			name = Debug;
		};
		8B1475991ADBBCAB00A27D73 /* Release */ = {
			isa = XCBuildConfiguration;
			buildSettings = {
				ALWAYS_SEARCH_USER_PATHS = NO;
				CLANG_CXX_LANGUAGE_STANDARD = "gnu++0x";
				CLANG_CXX_LIBRARY = "libc++";
				CLANG_ENABLE_MODULES = YES;
				CLANG_ENABLE_OBJC_ARC = YES;
				CLANG_WARN_BOOL_CONVERSION = YES;
				CLANG_WARN_CONSTANT_CONVERSION = YES;
				CLANG_WARN_DIRECT_OBJC_ISA_USAGE = YES_ERROR;
				CLANG_WARN_EMPTY_BODY = YES;
				CLANG_WARN_ENUM_CONVERSION = YES;
				CLANG_WARN_INT_CONVERSION = YES;
				CLANG_WARN_OBJC_ROOT_CLASS = YES_ERROR;
				CLANG_WARN_UNREACHABLE_CODE = YES;
				CLANG_WARN__DUPLICATE_METHOD_MATCH = YES;
				"CODE_SIGN_IDENTITY[sdk=iphoneos*]" = "iPhone Developer";
				COPY_PHASE_STRIP = NO;
				ENABLE_NS_ASSERTIONS = NO;
				ENABLE_STRICT_OBJC_MSGSEND = YES;
				GCC_C_LANGUAGE_STANDARD = gnu99;
				GCC_WARN_64_TO_32_BIT_CONVERSION = YES;
				GCC_WARN_ABOUT_RETURN_TYPE = YES_ERROR;
				GCC_WARN_UNDECLARED_SELECTOR = YES;
				GCC_WARN_UNINITIALIZED_AUTOS = YES_AGGRESSIVE;
				GCC_WARN_UNUSED_FUNCTION = YES;
				GCC_WARN_UNUSED_VARIABLE = YES;
				IPHONEOS_DEPLOYMENT_TARGET = 8.2;
				MTL_ENABLE_DEBUG_INFO = NO;
				SDKROOT = iphoneos;
				VALIDATE_PRODUCT = YES;
			};
			name = Release;
		};
		8B14759B1ADBBCAB00A27D73 /* Debug */ = {
			isa = XCBuildConfiguration;
			buildSettings = {
				ASSETCATALOG_COMPILER_APPICON_NAME = AppIcon;
				INFOPLIST_FILE = BonjourSocket/Info.plist;
				LD_RUNPATH_SEARCH_PATHS = "$(inherited) @executable_path/Frameworks";
				PRODUCT_NAME = "$(TARGET_NAME)";
			};
			name = Debug;
		};
		8B14759C1ADBBCAB00A27D73 /* Release */ = {
			isa = XCBuildConfiguration;
			buildSettings = {
				ASSETCATALOG_COMPILER_APPICON_NAME = AppIcon;
				INFOPLIST_FILE = BonjourSocket/Info.plist;
				LD_RUNPATH_SEARCH_PATHS = "$(inherited) @executable_path/Frameworks";
				PRODUCT_NAME = "$(TARGET_NAME)";
			};
			name = Release;
		};
		8B14759E1ADBBCAB00A27D73 /* Debug */ = {
			isa = XCBuildConfiguration;
			buildSettings = {
				BUNDLE_LOADER = "$(TEST_HOST)";
				FRAMEWORK_SEARCH_PATHS = (
					"$(SDKROOT)/Developer/Library/Frameworks",
					"$(inherited)",
				);
				GCC_PREPROCESSOR_DEFINITIONS = (
					"DEBUG=1",
					"$(inherited)",
				);
				INFOPLIST_FILE = BonjourSocketTests/Info.plist;
				LD_RUNPATH_SEARCH_PATHS = "$(inherited) @executable_path/Frameworks @loader_path/Frameworks";
				PRODUCT_NAME = "$(TARGET_NAME)";
				TEST_HOST = "$(BUILT_PRODUCTS_DIR)/BonjourSocket.app/BonjourSocket";
			};
			name = Debug;
		};
		8B14759F1ADBBCAB00A27D73 /* Release */ = {
			isa = XCBuildConfiguration;
			buildSettings = {
				BUNDLE_LOADER = "$(TEST_HOST)";
				FRAMEWORK_SEARCH_PATHS = (
					"$(SDKROOT)/Developer/Library/Frameworks",
					"$(inherited)",
				);
				INFOPLIST_FILE = BonjourSocketTests/Info.plist;
				LD_RUNPATH_SEARCH_PATHS = "$(inherited) @executable_path/Frameworks @loader_path/Frameworks";
				PRODUCT_NAME = "$(TARGET_NAME)";
				TEST_HOST = "$(BUILT_PRODUCTS_DIR)/BonjourSocket.app/BonjourSocket";
			};
			name = Release;
		};
/* End XCBuildConfiguration section */

/* Begin XCConfigurationList section */
		8B1475761ADBBCAB00A27D73 /* Build configuration list for PBXProject "BonjourSocket" */ = {
			isa = XCConfigurationList;
			buildConfigurations = (
				8B1475981ADBBCAB00A27D73 /* Debug */,
				8B1475991ADBBCAB00A27D73 /* Release */,
			);
			defaultConfigurationIsVisible = 0;
			defaultConfigurationName = Release;
		};
		8B14759A1ADBBCAB00A27D73 /* Build configuration list for PBXNativeTarget "BonjourSocket" */ = {
			isa = XCConfigurationList;
			buildConfigurations = (
				8B14759B1ADBBCAB00A27D73 /* Debug */,
				8B14759C1ADBBCAB00A27D73 /* Release */,
			);
			defaultConfigurationIsVisible = 0;
		};
		8B14759D1ADBBCAB00A27D73 /* Build configuration list for PBXNativeTarget "BonjourSocketTests" */ = {
			isa = XCConfigurationList;
			buildConfigurations = (
				8B14759E1ADBBCAB00A27D73 /* Debug */,
				8B14759F1ADBBCAB00A27D73 /* Release */,
			);
			defaultConfigurationIsVisible = 0;
		};
/* End XCConfigurationList section */
	};
	rootObject = 8B1475731ADBBCAB00A27D73 /* Project object */;
}
